
Microsoft Visual Studio Solution File, Format Version 12.00
# Visual Studio Version 16
VisualStudioVersion = 16.0.29926.136
MinimumVisualStudioVersion = 10.0.40219.1
Project("{FAE04EC0-301F-11D3-BF4B-00C04F79EFBC}") = "Sorting", "Sorting.csproj", "{35F019A2-067D-4285-A49E-E52942B8BDE9}"
EndProject
Global
	GlobalSection(SolutionConfigurationPlatforms) = preSolution
		Debug|Any CPU = Debug|Any CPU
		Release|Any CPU = Release|Any CPU
	EndGlobalSection
	GlobalSection(ProjectConfigurationPlatforms) = postSolution
		{35F019A2-067D-4285-A49E-E52942B8BDE9}.Debug|Any CPU.ActiveCfg = Debug|Any CPU
		{35F019A2-067D-4285-A49E-E52942B8BDE9}.Debug|Any CPU.Build.0 = Debug|Any CPU
		{35F019A2-067D-4285-A49E-E52942B8BDE9}.Release|Any CPU.ActiveCfg = Release|Any CPU
		{35F019A2-067D-4285-A49E-E52942B8BDE9}.Release|Any CPU.Build.0 = Release|Any CPU
	EndGlobalSection
	GlobalSection(SolutionProperties) = preSolution
		HideSolutionNode = FALSE
	EndGlobalSection
	GlobalSection(ExtensibilityGlobals) = postSolution
		SolutionGuid = {3B60373E-FCDA-4DB8-820F-73109B22D245}
	EndGlobalSection
EndGlobal
